
Microsoft Visual Studio Solution File, Format Version 12.00
# Visual Studio Version 17
VisualStudioVersion = 17.14.36310.24 d17.14
MinimumVisualStudioVersion = 10.0.40219.1
Project("{FAE04EC0-301F-11D3-BF4B-00C04F79EFBC}") = "Workshop4", "Workshop4\Workshop4.csproj", "{8F891024-148D-4BC5-B540-2DA5C3BD14F7}"
EndProject
Global
	GlobalSection(SolutionConfigurationPlatforms) = preSolution
		Debug|Any CPU = Debug|Any CPU
		Release|Any CPU = Release|Any CPU
	EndGlobalSection
	GlobalSection(ProjectConfigurationPlatforms) = postSolution
		{8F891024-148D-4BC5-B540-2DA5C3BD14F7}.Debug|Any CPU.ActiveCfg = Debug|Any CPU
		{8F891024-148D-4BC5-B540-2DA5C3BD14F7}.Debug|Any CPU.Build.0 = Debug|Any CPU
		{8F891024-148D-4BC5-B540-2DA5C3BD14F7}.Release|Any CPU.ActiveCfg = Release|Any CPU
		{8F891024-148D-4BC5-B540-2DA5C3BD14F7}.Release|Any CPU.Build.0 = Release|Any CPU
	EndGlobalSection
	GlobalSection(SolutionProperties) = preSolution
		HideSolutionNode = FALSE
	EndGlobalSection
	GlobalSection(ExtensibilityGlobals) = postSolution
		SolutionGuid = {7134171B-089D-4763-AAA6-F28CC66BD36F}
	EndGlobalSection
EndGlobal
